<?xml version="1.0" encoding="utf-8"?>
<Project ToolsVersion="4.0" xmlns="http://schemas.microsoft.com/developer/msbuild/2003">
  <ItemGroup>
    <Filter Include="Engine">
      <UniqueIdentifier>{d4296213-f762-4cfb-915c-ce284907bcb1}</UniqueIdentifier>
    </Filter>
    <Filter Include="Engine\Components">
      <UniqueIdentifier>{b5d33348-9964-44a9-b85b-038443d2a1a0}</UniqueIdentifier>
    </Filter>
    <Filter Include="Engine\Components\Physical Attribute Components">
      <UniqueIdentifier>{142b03af-747a-45d3-b96f-14e7c921c8e6}</UniqueIdentifier>
    </Filter>
    <Filter Include="Engine\Components\Physical Attribute Components\Force Components">
      <UniqueIdentifier>{11225eee-ad49-40cf-8d44-3a9c123b0924}</UniqueIdentifier>
    </Filter>
    <Filter Include="Engine\Components\Physical Attribute Components\Object Component">
      <UniqueIdentifier>{b4dc6d4d-55d0-4df1-8709-26b806af286d}</UniqueIdentifier>
    </Filter>
    <Filter Include="Engine\Components\Physical Attribute Components\Global Positional Components">
      <UniqueIdentifier>{db04dda1-9d2f-4aeb-a5cd-b2398ddfa931}</UniqueIdentifier>
    </Filter>
    <Filter Include="Engine\Components\Physical Attribute Components\Physics Transformations">
      <UniqueIdentifier>{ab80d675-4add-4889-8ea8-6f6f64dd6192}</UniqueIdentifier>
    </Filter>
    <Filter Include="Engine\Engine Foundation">
      <UniqueIdentifier>{66ab5054-5c5a-4c58-a433-19f94aa9b665}</UniqueIdentifier>
    </Filter>
    <Filter Include="Engine\Engine Foundation\Resource Files">
      <UniqueIdentifier>{67DA6AB6-F800-4c08-8B7A-83BB121AAD01}</UniqueIdentifier>
      <Extensions>rc;ico;cur;bmp;dlg;rc2;rct;bin;rgs;gif;jpg;jpeg;jpe;resx;tiff;tif;png;wav;mfcribbon-ms</Extensions>
    </Filter>
    <Filter Include="Engine\Engine Foundation\Header Files">
      <UniqueIdentifier>{93995380-89BD-4b04-88EB-625FBE52EBFB}</UniqueIdentifier>
      <Extensions>h;hh;hpp;hxx;h++;hm;inl;inc;ipp;xsd</Extensions>
    </Filter>
    <Filter Include="Engine\Engine Foundation\Source Files">
      <UniqueIdentifier>{4FC737F1-C7A5-4376-A066-2A32D752A2FF}</UniqueIdentifier>
      <Extensions>cpp;c;cc;cxx;c++;cppm;ixx;def;odl;idl;hpj;bat;asm;asmx</Extensions>
    </Filter>
    <Filter Include="Engine\Systems">
      <UniqueIdentifier>{8c1b2ccd-2e89-4c66-ac71-25ecd09b78d1}</UniqueIdentifier>
    </Filter>
    <Filter Include="Engine\Graphics">
      <UniqueIdentifier>{b3e10549-67d0-41aa-8cb9-af469b7c2300}</UniqueIdentifier>
    </Filter>
    <Filter Include="Engine\Graphics\Graphics Transformations">
      <UniqueIdentifier>{182f7b99-2969-4ce5-b7b4-db344ac1de5d}</UniqueIdentifier>
    </Filter>
    <Filter Include="Engine\Graphics\Graphics Elements">
      <UniqueIdentifier>{a42bdb39-d04a-45a0-a768-b781d76c05ec}</UniqueIdentifier>
    </Filter>
    <Filter Include="Engine\Graphics\Graphics Elements\GUI_Layers">
      <UniqueIdentifier>{4a1387f0-2740-4614-8302-04b905c3c550}</UniqueIdentifier>
    </Filter>
    <Filter Include="Engine\Graphics\Graphics Elements\GUI_Layers\GUI_Layer_Prefabs">
      <UniqueIdentifier>{c7e99f4e-44de-4fa1-9b2a-5d687983198b}</UniqueIdentifier>
    </Filter>
    <Filter Include="Engine\Graphics\Graphics Elements\GUI_Body">
      <UniqueIdentifier>{84e8ac48-58ed-4344-a4c0-f4cab7160948}</UniqueIdentifier>
    </Filter>
  </ItemGroup>
  <ItemGroup>
    <ClInclude Include="Settings.h">
      <Filter>Engine\Engine Foundation\Header Files</Filter>
    </ClInclude>
    <ClInclude Include="Application.h">
      <Filter>Engine\Engine Foundation\Header Files</Filter>
    </ClInclude>
    <ClInclude Include="Comp_Gravity.h">
      <Filter>Engine\Components\Physical Attribute Components\Force Components</Filter>
    </ClInclude>
    <ClInclude Include="Comp_Weight.h">
      <Filter>Engine\Components\Physical Attribute Components\Force Components</Filter>
    </ClInclude>
    <ClInclude Include="Comp_ZVelocity.h">
      <Filter>Engine\Components\Physical Attribute Components\Force Components</Filter>
    </ClInclude>
    <ClInclude Include="Comp_Position3D.h">
      <Filter>Engine\Components\Physical Attribute Components\Global Positional Components</Filter>
    </ClInclude>
    <ClInclude Include="Comp_LocalVertices3D.h">
      <Filter>Engine\Components\Physical Attribute Components\Object Component</Filter>
    </ClInclude>
    <ClInclude Include="Comp_Primitive.h">
      <Filter>Engine\Components\Physical Attribute Components\Object Component</Filter>
    </ClInclude>
    <ClInclude Include="Reflect_OverX.h">
      <Filter>Engine\Graphics\Graphics Transformations</Filter>
    </ClInclude>
    <ClInclude Include="System_EventManager.h">
      <Filter>Engine\Systems</Filter>
    </ClInclude>
    <ClInclude Include="System_Graphics.h">
      <Filter>Engine\Systems</Filter>
    </ClInclude>
    <ClInclude Include="System_Input.h">
      <Filter>Engine\Systems</Filter>
    </ClInclude>
    <ClInclude Include="System_Logic.h">
      <Filter>Engine\Systems</Filter>
    </ClInclude>
    <ClInclude Include="System_Sound.h">
      <Filter>Engine\Systems</Filter>
    </ClInclude>
    <ClInclude Include="System_Base.h">
      <Filter>Engine\Systems</Filter>
    </ClInclude>
    <ClInclude Include="System_Manager.h">
      <Filter>Engine\Systems</Filter>
    </ClInclude>
    <ClInclude Include="Main.h">
      <Filter>Engine\Engine Foundation\Header Files</Filter>
    </ClInclude>
    <ClInclude Include="resource.h">
      <Filter>Engine\Engine Foundation\Resource Files</Filter>
    </ClInclude>
    <ClInclude Include="System_Loop.h">
      <Filter>Engine\Systems</Filter>
    </ClInclude>
    <ClInclude Include="Component.h">
      <Filter>Engine\Components</Filter>
    </ClInclude>
    <ClInclude Include="GUI_Body.h">
      <Filter>Engine\Graphics\Graphics Elements\GUI_Body</Filter>
    </ClInclude>
    <ClInclude Include="GUI_Layer.h">
      <Filter>Engine\Graphics\Graphics Elements\GUI_Layers</Filter>
    </ClInclude>
    <ClInclude Include="GUI_Layer_Manager.h">
      <Filter>Engine\Graphics\Graphics Elements\GUI_Layers</Filter>
    </ClInclude>
    <ClInclude Include="GUI_Element_Size.h">
      <Filter>Engine\Graphics\Graphics Elements</Filter>
    </ClInclude>
    <ClInclude Include="GUI_Element.h">
      <Filter>Engine\Graphics\Graphics Elements</Filter>
    </ClInclude>
    <ClInclude Include="GUI_Element_Color.h">
      <Filter>Engine\Graphics\Graphics Elements</Filter>
    </ClInclude>
    <ClInclude Include="GUI_Element_Location.h">
      <Filter>Engine\Graphics\Graphics Elements</Filter>
    </ClInclude>
    <ClInclude Include="GUI_Element_Shape.h">
      <Filter>Engine\Graphics\Graphics Elements</Filter>
    </ClInclude>
  </ItemGroup>
  <ItemGroup>
    <ClCompile Include="Comp_NormalForce.h">
      <Filter>Engine\Components\Physical Attribute Components\Force Components</Filter>
    </ClCompile>
    <ClCompile Include="Comp_XVelocity.h">
      <Filter>Engine\Components\Physical Attribute Components\Force Components</Filter>
    </ClCompile>
    <ClCompile Include="Comp_YVelocity.h">
      <Filter>Engine\Components\Physical Attribute Components\Force Components</Filter>
    </ClCompile>
    <ClCompile Include="Comp_Position2D.h">
      <Filter>Engine\Components\Physical Attribute Components\Global Positional Components</Filter>
    </ClCompile>
    <ClCompile Include="Comp_LocalVertices2D.h">
      <Filter>Engine\Components\Physical Attribute Components\Object Component</Filter>
    </ClCompile>
    <ClCompile Include="Move_To.h">
      <Filter>Engine\Graphics\Graphics Transformations</Filter>
    </ClCompile>
    <ClCompile Include="Scale_To.h">
      <Filter>Engine\Graphics\Graphics Transformations</Filter>
    </ClCompile>
    <ClCompile Include="System_EventManager.cpp">
      <Filter>Engine\Systems</Filter>
    </ClCompile>
    <ClCompile Include="System_Graphics.cpp">
      <Filter>Engine\Systems</Filter>
    </ClCompile>
    <ClCompile Include="System_Input.cpp">
      <Filter>Engine\Systems</Filter>
    </ClCompile>
    <ClCompile Include="System_Logic.cpp">
      <Filter>Engine\Systems</Filter>
    </ClCompile>
    <ClCompile Include="System_Base.cpp">
      <Filter>Engine\Systems</Filter>
    </ClCompile>
    <ClCompile Include="System_Manager.cpp">
      <Filter>Engine\Systems</Filter>
    </ClCompile>
    <ClCompile Include="System_Sound.cpp">
      <Filter>Engine\Systems</Filter>
    </ClCompile>
    <ClCompile Include="System_Loop.cpp">
      <Filter>Engine\Systems</Filter>
    </ClCompile>
    <ClCompile Include="Application.cpp">
      <Filter>Engine\Engine Foundation\Source Files</Filter>
    </ClCompile>
    <ClCompile Include="Main.cpp">
      <Filter>Engine\Engine Foundation\Source Files</Filter>
    </ClCompile>
    <ClCompile Include="Settings.cpp">
      <Filter>Engine\Engine Foundation\Source Files</Filter>
    </ClCompile>
    <ClCompile Include="GUI_Layer_Window.h">
      <Filter>Engine\Graphics\Graphics Elements\GUI_Layers\GUI_Layer_Prefabs</Filter>
    </ClCompile>
    <ClCompile Include="GUI_Layer_Window.cpp">
      <Filter>Engine\Graphics\Graphics Elements\GUI_Layers\GUI_Layer_Prefabs</Filter>
    </ClCompile>
    <ClCompile Include="GUI_Body_Manager.h">
      <Filter>Engine\Graphics\Graphics Elements\GUI_Body</Filter>
    </ClCompile>
    <ClCompile Include="GUI_Body_Manager.cpp">
      <Filter>Engine\Graphics\Graphics Elements\GUI_Body</Filter>
    </ClCompile>
    <ClCompile Include="GUI_Layer_Manager.cpp">
      <Filter>Engine\Graphics\Graphics Elements\GUI_Layers</Filter>
    </ClCompile>
  </ItemGroup>
  <ItemGroup>
    <ResourceCompile Include="Crimson Engine.rc">
      <Filter>Engine\Engine Foundation\Resource Files</Filter>
    </ResourceCompile>
  </ItemGroup>
</Project>